
Microsoft Visual Studio Solution File, Format Version 12.00
# Visual Studio Version 17
VisualStudioVersion = 17.2.32519.379
MinimumVisualStudioVersion = 10.0.40219.1
Project("{FAE04EC0-301F-11D3-BF4B-00C04F79EFBC}") = "RallyApp", "Rally\RallyApp.csproj", "{64CA60D8-BEC8-407C-8AE6-5B0EFBA2591D}"
EndProject
Global
	GlobalSection(SolutionConfigurationPlatforms) = preSolution
		Debug|Any CPU = Debug|Any CPU
		Release|Any CPU = Release|Any CPU
	EndGlobalSection
	GlobalSection(ProjectConfigurationPlatforms) = postSolution
		{64CA60D8-BEC8-407C-8AE6-5B0EFBA2591D}.Debug|Any CPU.ActiveCfg = Debug|Any CPU
		{64CA60D8-BEC8-407C-8AE6-5B0EFBA2591D}.Debug|Any CPU.Build.0 = Debug|Any CPU
		{64CA60D8-BEC8-407C-8AE6-5B0EFBA2591D}.Release|Any CPU.ActiveCfg = Release|Any CPU
		{64CA60D8-BEC8-407C-8AE6-5B0EFBA2591D}.Release|Any CPU.Build.0 = Release|Any CPU
	EndGlobalSection
	GlobalSection(SolutionProperties) = preSolution
		HideSolutionNode = FALSE
	EndGlobalSection
	GlobalSection(ExtensibilityGlobals) = postSolution
		SolutionGuid = {05242230-88BC-4719-A282-7D13D069A5B7}
	EndGlobalSection
EndGlobal
